
Microsoft Visual Studio Solution File, Format Version 12.00
# Visual Studio Version 17
VisualStudioVersion = 17.5.33414.496
MinimumVisualStudioVersion = 10.0.40219.1
Project("{FAE04EC0-301F-11D3-BF4B-00C04F79EFBC}") = "Metotlar", "Metotlar\Metotlar.csproj", "{52D1C08F-2158-429A-838B-FD620BEF7725}"
EndProject
Project("{FAE04EC0-301F-11D3-BF4B-00C04F79EFBC}") = "DegerVeReferansTipler", "DegerVeReferansTipler\DegerVeReferansTipler.csproj", "{36CCAF62-27AB-4B29-8742-F7F22990F498}"
EndProject
Global
	GlobalSection(SolutionConfigurationPlatforms) = preSolution
		Debug|Any CPU = Debug|Any CPU
		Release|Any CPU = Release|Any CPU
	EndGlobalSection
	GlobalSection(ProjectConfigurationPlatforms) = postSolution
		{52D1C08F-2158-429A-838B-FD620BEF7725}.Debug|Any CPU.ActiveCfg = Debug|Any CPU
		{52D1C08F-2158-429A-838B-FD620BEF7725}.Debug|Any CPU.Build.0 = Debug|Any CPU
		{52D1C08F-2158-429A-838B-FD620BEF7725}.Release|Any CPU.ActiveCfg = Release|Any CPU
		{52D1C08F-2158-429A-838B-FD620BEF7725}.Release|Any CPU.Build.0 = Release|Any CPU
		{36CCAF62-27AB-4B29-8742-F7F22990F498}.Debug|Any CPU.ActiveCfg = Debug|Any CPU
		{36CCAF62-27AB-4B29-8742-F7F22990F498}.Debug|Any CPU.Build.0 = Debug|Any CPU
		{36CCAF62-27AB-4B29-8742-F7F22990F498}.Release|Any CPU.ActiveCfg = Release|Any CPU
		{36CCAF62-27AB-4B29-8742-F7F22990F498}.Release|Any CPU.Build.0 = Release|Any CPU
	EndGlobalSection
	GlobalSection(SolutionProperties) = preSolution
		HideSolutionNode = FALSE
	EndGlobalSection
	GlobalSection(ExtensibilityGlobals) = postSolution
		SolutionGuid = {8845CB9E-CCB4-4FD3-B5BB-68185C0CC53B}
	EndGlobalSection
EndGlobal
